
Microsoft Visual Studio Solution File, Format Version 12.00
# Visual Studio Version 16
VisualStudioVersion = 16.0.30406.217
MinimumVisualStudioVersion = 10.0.40219.1
Project("{FAE04EC0-301F-11D3-BF4B-00C04F79EFBC}") = "Ejercicio1", "Ejercicio1\Ejercicio1.csproj", "{EC54822E-DBDF-453B-9EAD-9E6AEAEE0D3C}"
EndProject
Global
	GlobalSection(SolutionConfigurationPlatforms) = preSolution
		Debug|Any CPU = Debug|Any CPU
		Release|Any CPU = Release|Any CPU
	EndGlobalSection
	GlobalSection(ProjectConfigurationPlatforms) = postSolution
		{EC54822E-DBDF-453B-9EAD-9E6AEAEE0D3C}.Debug|Any CPU.ActiveCfg = Debug|Any CPU
		{EC54822E-DBDF-453B-9EAD-9E6AEAEE0D3C}.Debug|Any CPU.Build.0 = Debug|Any CPU
		{EC54822E-DBDF-453B-9EAD-9E6AEAEE0D3C}.Release|Any CPU.ActiveCfg = Release|Any CPU
		{EC54822E-DBDF-453B-9EAD-9E6AEAEE0D3C}.Release|Any CPU.Build.0 = Release|Any CPU
	EndGlobalSection
	GlobalSection(SolutionProperties) = preSolution
		HideSolutionNode = FALSE
	EndGlobalSection
	GlobalSection(ExtensibilityGlobals) = postSolution
		SolutionGuid = {01C77A55-ECFD-4FAE-B789-9DE22AE7F15F}
	EndGlobalSection
EndGlobal
